
Microsoft Visual Studio Solution File, Format Version 12.00
# Visual Studio Version 16
VisualStudioVersion = 16.0.31025.194
MinimumVisualStudioVersion = 10.0.40219.1
Project("{FAE04EC0-301F-11D3-BF4B-00C04F79EFBC}") = "lab_6", "lab_6.csproj", "{DDF32BB0-4169-4411-A2D8-07D8E638767E}"
EndProject
Global
	GlobalSection(SolutionConfigurationPlatforms) = preSolution
		Debug|Any CPU = Debug|Any CPU
		Release|Any CPU = Release|Any CPU
	EndGlobalSection
	GlobalSection(ProjectConfigurationPlatforms) = postSolution
		{DDF32BB0-4169-4411-A2D8-07D8E638767E}.Debug|Any CPU.ActiveCfg = Debug|Any CPU
		{DDF32BB0-4169-4411-A2D8-07D8E638767E}.Debug|Any CPU.Build.0 = Debug|Any CPU
		{DDF32BB0-4169-4411-A2D8-07D8E638767E}.Release|Any CPU.ActiveCfg = Release|Any CPU
		{DDF32BB0-4169-4411-A2D8-07D8E638767E}.Release|Any CPU.Build.0 = Release|Any CPU
	EndGlobalSection
	GlobalSection(SolutionProperties) = preSolution
		HideSolutionNode = FALSE
	EndGlobalSection
	GlobalSection(ExtensibilityGlobals) = postSolution
		SolutionGuid = {0F8DCBCB-AF25-470E-912C-A98A09E4C8D7}
	EndGlobalSection
EndGlobal
